
Microsoft Visual Studio Solution File, Format Version 12.00
# Visual Studio 15
Project("{FAE04EC0-301F-11D3-BF4B-00C04F79EFBC}") = "WPapp.Android", "WPapp.Android\WPapp.Android.csproj", "{A656EF87-6032-469C-918A-2548AE90B01E}"
EndProject
Project("{FAE04EC0-301F-11D3-BF4B-00C04F79EFBC}") = "WPapp.iOS", "WPapp.iOS\WPapp.iOS.csproj", "{3891430B-C0AC-45D1-8CC2-4410B6634C62}"
EndProject
Project("{FAE04EC0-301F-11D3-BF4B-00C04F79EFBC}") = "WPapp", "WPapp\WPapp.csproj", "{9B798722-4026-4A66-887E-683FD3F41465}"
EndProject
Global
	GlobalSection(SolutionConfigurationPlatforms) = preSolution
		Debug|Any CPU = Debug|Any CPU
		Release|Any CPU = Release|Any CPU
		Debug|iPhoneSimulator = Debug|iPhoneSimulator
		Release|iPhoneSimulator = Release|iPhoneSimulator
		Debug|iPhone = Debug|iPhone
		Release|iPhone = Release|iPhone
	EndGlobalSection
	GlobalSection(ProjectConfigurationPlatforms) = postSolution
		{A656EF87-6032-469C-918A-2548AE90B01E}.Debug|Any CPU.ActiveCfg = Debug|Any CPU
		{A656EF87-6032-469C-918A-2548AE90B01E}.Debug|Any CPU.Build.0 = Debug|Any CPU
		{A656EF87-6032-469C-918A-2548AE90B01E}.Release|Any CPU.ActiveCfg = Release|Any CPU
		{A656EF87-6032-469C-918A-2548AE90B01E}.Release|Any CPU.Build.0 = Release|Any CPU
		{A656EF87-6032-469C-918A-2548AE90B01E}.Debug|iPhoneSimulator.ActiveCfg = Debug|Any CPU
		{A656EF87-6032-469C-918A-2548AE90B01E}.Debug|iPhoneSimulator.Build.0 = Debug|Any CPU
		{A656EF87-6032-469C-918A-2548AE90B01E}.Release|iPhoneSimulator.ActiveCfg = Release|Any CPU
		{A656EF87-6032-469C-918A-2548AE90B01E}.Release|iPhoneSimulator.Build.0 = Release|Any CPU
		{A656EF87-6032-469C-918A-2548AE90B01E}.Debug|iPhone.ActiveCfg = Debug|Any CPU
		{A656EF87-6032-469C-918A-2548AE90B01E}.Debug|iPhone.Build.0 = Debug|Any CPU
		{A656EF87-6032-469C-918A-2548AE90B01E}.Release|iPhone.ActiveCfg = Release|Any CPU
		{A656EF87-6032-469C-918A-2548AE90B01E}.Release|iPhone.Build.0 = Release|Any CPU
		{3891430B-C0AC-45D1-8CC2-4410B6634C62}.Debug|Any CPU.ActiveCfg = Debug|iPhoneSimulator
		{3891430B-C0AC-45D1-8CC2-4410B6634C62}.Debug|Any CPU.Build.0 = Debug|iPhoneSimulator
		{3891430B-C0AC-45D1-8CC2-4410B6634C62}.Release|Any CPU.ActiveCfg = Release|iPhoneSimulator
		{3891430B-C0AC-45D1-8CC2-4410B6634C62}.Release|Any CPU.Build.0 = Release|iPhoneSimulator
		{3891430B-C0AC-45D1-8CC2-4410B6634C62}.Debug|iPhoneSimulator.ActiveCfg = Debug|iPhoneSimulator
		{3891430B-C0AC-45D1-8CC2-4410B6634C62}.Debug|iPhoneSimulator.Build.0 = Debug|iPhoneSimulator
		{3891430B-C0AC-45D1-8CC2-4410B6634C62}.Release|iPhoneSimulator.ActiveCfg = Release|iPhoneSimulator
		{3891430B-C0AC-45D1-8CC2-4410B6634C62}.Release|iPhoneSimulator.Build.0 = Release|iPhoneSimulator
		{3891430B-C0AC-45D1-8CC2-4410B6634C62}.Debug|iPhone.ActiveCfg = Debug|iPhone
		{3891430B-C0AC-45D1-8CC2-4410B6634C62}.Debug|iPhone.Build.0 = Debug|iPhone
		{3891430B-C0AC-45D1-8CC2-4410B6634C62}.Release|iPhone.ActiveCfg = Release|iPhone
		{3891430B-C0AC-45D1-8CC2-4410B6634C62}.Release|iPhone.Build.0 = Release|iPhone
		{9B798722-4026-4A66-887E-683FD3F41465}.Debug|Any CPU.ActiveCfg = Debug|Any CPU
		{9B798722-4026-4A66-887E-683FD3F41465}.Debug|Any CPU.Build.0 = Debug|Any CPU
		{9B798722-4026-4A66-887E-683FD3F41465}.Release|Any CPU.ActiveCfg = Release|Any CPU
		{9B798722-4026-4A66-887E-683FD3F41465}.Release|Any CPU.Build.0 = Release|Any CPU
		{9B798722-4026-4A66-887E-683FD3F41465}.Debug|iPhoneSimulator.ActiveCfg = Debug|Any CPU
		{9B798722-4026-4A66-887E-683FD3F41465}.Debug|iPhoneSimulator.Build.0 = Debug|Any CPU
		{9B798722-4026-4A66-887E-683FD3F41465}.Release|iPhoneSimulator.ActiveCfg = Release|Any CPU
		{9B798722-4026-4A66-887E-683FD3F41465}.Release|iPhoneSimulator.Build.0 = Release|Any CPU
		{9B798722-4026-4A66-887E-683FD3F41465}.Debug|iPhone.ActiveCfg = Debug|Any CPU
		{9B798722-4026-4A66-887E-683FD3F41465}.Debug|iPhone.Build.0 = Debug|Any CPU
		{9B798722-4026-4A66-887E-683FD3F41465}.Release|iPhone.ActiveCfg = Release|Any CPU
		{9B798722-4026-4A66-887E-683FD3F41465}.Release|iPhone.Build.0 = Release|Any CPU
	EndGlobalSection
EndGlobal
